
Microsoft Visual Studio Solution File, Format Version 12.00
# Visual Studio Version 17
VisualStudioVersion = 17.8.34330.188
MinimumVisualStudioVersion = 10.0.40219.1
Project("{E24C65DC-7377-472B-9ABA-BC803B73C61A}") = "SsitemaClima", ".", "{25E8E46C-79A3-43E2-AE53-B15F7378233F}"
	ProjectSection(WebsiteProperties) = preProject
		TargetFrameworkMoniker = ".NETFramework,Version%3Dv4.7.2"
		ProjectReferences = "{93e7f0df-1850-4a55-a548-46c9261b42e8}|Services.dll;{fe752e96-3b21-4efc-a1a4-f037d71071f5}|BLL.dll;{d203d44b-b047-4018-bc22-11023d04edcd}|BEL.dll;{FEB79D76-9301-4E01-AF35-72C85DAEC63B}|DAL.dll;"
		Debug.AspNetCompiler.VirtualPath = "/localhost_56137"
		Debug.AspNetCompiler.PhysicalPath = "..\SsitemaClima\"
		Debug.AspNetCompiler.TargetPath = "PrecompiledWeb\localhost_56137\"
		Debug.AspNetCompiler.Updateable = "true"
		Debug.AspNetCompiler.ForceOverwrite = "true"
		Debug.AspNetCompiler.FixedNames = "false"
		Debug.AspNetCompiler.Debug = "True"
		Release.AspNetCompiler.VirtualPath = "/localhost_56137"
		Release.AspNetCompiler.PhysicalPath = "..\SsitemaClima\"
		Release.AspNetCompiler.TargetPath = "PrecompiledWeb\localhost_56137\"
		Release.AspNetCompiler.Updateable = "true"
		Release.AspNetCompiler.ForceOverwrite = "true"
		Release.AspNetCompiler.FixedNames = "false"
		Release.AspNetCompiler.Debug = "False"
		VWDPort = "56137"
		SlnRelativePath = "..\SsitemaClima\"
		DefaultWebSiteLanguage = "Visual C#"
	EndProjectSection
EndProject
Project("{FAE04EC0-301F-11D3-BF4B-00C04F79EFBC}") = "BEL", "BEL\BEL.csproj", "{D203D44B-B047-4018-BC22-11023D04EDCD}"
EndProject
Project("{FAE04EC0-301F-11D3-BF4B-00C04F79EFBC}") = "BLL", "BLL\BLL.csproj", "{FE752E96-3B21-4EFC-A1A4-F037D71071F5}"
EndProject
Project("{FAE04EC0-301F-11D3-BF4B-00C04F79EFBC}") = "DAL", "DAL\DAL.csproj", "{FEB79D76-9301-4E01-AF35-72C85DAEC63B}"
EndProject
Project("{FAE04EC0-301F-11D3-BF4B-00C04F79EFBC}") = "Services", "Services\Services.csproj", "{93E7F0DF-1850-4A55-A548-46C9261B42E8}"
EndProject
Global
	GlobalSection(SolutionConfigurationPlatforms) = preSolution
		Debug|Any CPU = Debug|Any CPU
		Release|Any CPU = Release|Any CPU
	EndGlobalSection
	GlobalSection(ProjectConfigurationPlatforms) = postSolution
		{25E8E46C-79A3-43E2-AE53-B15F7378233F}.Debug|Any CPU.ActiveCfg = Debug|Any CPU
		{25E8E46C-79A3-43E2-AE53-B15F7378233F}.Debug|Any CPU.Build.0 = Debug|Any CPU
		{25E8E46C-79A3-43E2-AE53-B15F7378233F}.Release|Any CPU.ActiveCfg = Debug|Any CPU
		{25E8E46C-79A3-43E2-AE53-B15F7378233F}.Release|Any CPU.Build.0 = Debug|Any CPU
		{D203D44B-B047-4018-BC22-11023D04EDCD}.Debug|Any CPU.ActiveCfg = Debug|Any CPU
		{D203D44B-B047-4018-BC22-11023D04EDCD}.Debug|Any CPU.Build.0 = Debug|Any CPU
		{D203D44B-B047-4018-BC22-11023D04EDCD}.Release|Any CPU.ActiveCfg = Release|Any CPU
		{D203D44B-B047-4018-BC22-11023D04EDCD}.Release|Any CPU.Build.0 = Release|Any CPU
		{FE752E96-3B21-4EFC-A1A4-F037D71071F5}.Debug|Any CPU.ActiveCfg = Debug|Any CPU
		{FE752E96-3B21-4EFC-A1A4-F037D71071F5}.Debug|Any CPU.Build.0 = Debug|Any CPU
		{FE752E96-3B21-4EFC-A1A4-F037D71071F5}.Release|Any CPU.ActiveCfg = Release|Any CPU
		{FE752E96-3B21-4EFC-A1A4-F037D71071F5}.Release|Any CPU.Build.0 = Release|Any CPU
		{FEB79D76-9301-4E01-AF35-72C85DAEC63B}.Debug|Any CPU.ActiveCfg = Debug|Any CPU
		{FEB79D76-9301-4E01-AF35-72C85DAEC63B}.Debug|Any CPU.Build.0 = Debug|Any CPU
		{FEB79D76-9301-4E01-AF35-72C85DAEC63B}.Release|Any CPU.ActiveCfg = Release|Any CPU
		{FEB79D76-9301-4E01-AF35-72C85DAEC63B}.Release|Any CPU.Build.0 = Release|Any CPU
		{93E7F0DF-1850-4A55-A548-46C9261B42E8}.Debug|Any CPU.ActiveCfg = Debug|Any CPU
		{93E7F0DF-1850-4A55-A548-46C9261B42E8}.Debug|Any CPU.Build.0 = Debug|Any CPU
		{93E7F0DF-1850-4A55-A548-46C9261B42E8}.Release|Any CPU.ActiveCfg = Release|Any CPU
		{93E7F0DF-1850-4A55-A548-46C9261B42E8}.Release|Any CPU.Build.0 = Release|Any CPU
	EndGlobalSection
	GlobalSection(SolutionProperties) = preSolution
		HideSolutionNode = FALSE
	EndGlobalSection
	GlobalSection(ExtensibilityGlobals) = postSolution
		SolutionGuid = {3FCD3DB3-D62F-4426-9DB6-5108A7B19416}
	EndGlobalSection
EndGlobal
